
Microsoft Visual Studio Solution File, Format Version 12.00
# Visual Studio 15
VisualStudioVersion = 15.0.27428.2015
MinimumVisualStudioVersion = 10.0.40219.1
Project("{FAE04EC0-301F-11D3-BF4B-00C04F79EFBC}") = "ZeoSleepParser", "ZeoSleepParser\ZeoSleepParser.csproj", "{29515990-33A5-4C0A-A8A7-1690914613AB}"
EndProject
Global
	GlobalSection(SolutionConfigurationPlatforms) = preSolution
		Debug|ARM = Debug|ARM
		Debug|x64 = Debug|x64
		Debug|x86 = Debug|x86
		Release|ARM = Release|ARM
		Release|x64 = Release|x64
		Release|x86 = Release|x86
	EndGlobalSection
	GlobalSection(ProjectConfigurationPlatforms) = postSolution
		{29515990-33A5-4C0A-A8A7-1690914613AB}.Debug|ARM.ActiveCfg = Debug|ARM
		{29515990-33A5-4C0A-A8A7-1690914613AB}.Debug|ARM.Build.0 = Debug|ARM
		{29515990-33A5-4C0A-A8A7-1690914613AB}.Debug|ARM.Deploy.0 = Debug|ARM
		{29515990-33A5-4C0A-A8A7-1690914613AB}.Debug|x64.ActiveCfg = Debug|x64
		{29515990-33A5-4C0A-A8A7-1690914613AB}.Debug|x64.Build.0 = Debug|x64
		{29515990-33A5-4C0A-A8A7-1690914613AB}.Debug|x64.Deploy.0 = Debug|x64
		{29515990-33A5-4C0A-A8A7-1690914613AB}.Debug|x86.ActiveCfg = Debug|x86
		{29515990-33A5-4C0A-A8A7-1690914613AB}.Debug|x86.Build.0 = Debug|x86
		{29515990-33A5-4C0A-A8A7-1690914613AB}.Debug|x86.Deploy.0 = Debug|x86
		{29515990-33A5-4C0A-A8A7-1690914613AB}.Release|ARM.ActiveCfg = Release|ARM
		{29515990-33A5-4C0A-A8A7-1690914613AB}.Release|ARM.Build.0 = Release|ARM
		{29515990-33A5-4C0A-A8A7-1690914613AB}.Release|ARM.Deploy.0 = Release|ARM
		{29515990-33A5-4C0A-A8A7-1690914613AB}.Release|x64.ActiveCfg = Release|x64
		{29515990-33A5-4C0A-A8A7-1690914613AB}.Release|x64.Build.0 = Release|x64
		{29515990-33A5-4C0A-A8A7-1690914613AB}.Release|x64.Deploy.0 = Release|x64
		{29515990-33A5-4C0A-A8A7-1690914613AB}.Release|x86.ActiveCfg = Release|x86
		{29515990-33A5-4C0A-A8A7-1690914613AB}.Release|x86.Build.0 = Release|x86
		{29515990-33A5-4C0A-A8A7-1690914613AB}.Release|x86.Deploy.0 = Release|x86
	EndGlobalSection
	GlobalSection(SolutionProperties) = preSolution
		HideSolutionNode = FALSE
	EndGlobalSection
	GlobalSection(ExtensibilityGlobals) = postSolution
		SolutionGuid = {EAAFEEA9-FCA4-4F12-A234-8C8C0A482842}
	EndGlobalSection
EndGlobal
